lockfileVersion: '9.0'

settings:
  autoInstallPeers: true
  excludeLinksFromLockfile: false

importers:

  .:
    dependencies:
      dotenv:
        specifier: ^18.0.5
        version: 18.0.5
      lucide-react:
        specifier: ^1.51.0
        version: 1.51.0(react@19.3.0)

packages:

  dotenv@18.0.5:
    resolution: {integrity: sha512-aBrGvt6KhjxbEnatqMWOMidftwsrCiCvqh1yNIGB9QyF0J+VcWkKDMsvYOEm7ZS82oiV+BT1sTOtIlAmUlTpwQ==}
    engines: {node: '>=12'}
    hasBin: true

  lucide-react@1.51.0:
    resolution: {integrity: sha512-9929jimol5y7VbXUlVKcgURMSeIxFJB7dtWCkRAaNnF7KiCRkSkhmqWPUmAmUFYPezNawFk6qvz3Mu0gEnfI4g==}
    peerDependencies:
      '@types/react': '*'
      react: ^16.5.1 || ^17.0.0 || ^18.0.0 || ^19.0.0
    peerDependenciesMeta:
      '@types/react':
        optional: true

  react@19.3.0:
    resolution: {integrity: sha512-E8LUcbtBWt20bbl2YoHfx4ZDBdxVTfOKtCZn9cDSJ4l6/nuoApcpIBcj47t2wZoVX8g2ZHuMHbiShgCR1T5Sog==}
    engines: {node: '>=0.10.0'}

snapshots:

  dotenv@18.0.5: {}

  lucide-react@1.51.0(react@19.3.0):
    dependencies:
      react: 19.3.0

  react@19.3.0: {}
